
Microsoft Visual Studio Solution File, Format Version 12.00
# Visual Studio Version 17
VisualStudioVersion = 17.6.33712.159
MinimumVisualStudioVersion = 10.0.40219.1
Project("{FAE04EC0-301F-11D3-BF4B-00C04F79EFBC}") = "Hospital_API", "Hospital_API\Hospital_API.csproj", "{6106D261-2D6A-479A-B950-348F5853E751}"
EndProject
Global
	GlobalSection(SolutionConfigurationPlatforms) = preSolution
		Debug|Any CPU = Debug|Any CPU
		Release|Any CPU = Release|Any CPU
	EndGlobalSection
	GlobalSection(ProjectConfigurationPlatforms) = postSolution
		{6106D261-2D6A-479A-B950-348F5853E751}.Debug|Any CPU.ActiveCfg = Debug|Any CPU
		{6106D261-2D6A-479A-B950-348F5853E751}.Debug|Any CPU.Build.0 = Debug|Any CPU
		{6106D261-2D6A-479A-B950-348F5853E751}.Release|Any CPU.ActiveCfg = Release|Any CPU
		{6106D261-2D6A-479A-B950-348F5853E751}.Release|Any CPU.Build.0 = Release|Any CPU
	EndGlobalSection
	GlobalSection(SolutionProperties) = preSolution
		HideSolutionNode = FALSE
	EndGlobalSection
	GlobalSection(ExtensibilityGlobals) = postSolution
		SolutionGuid = {570D2745-587C-4621-B4FA-1BD2AD78DF8A}
	EndGlobalSection
EndGlobal
